
Microsoft Visual Studio Solution File, Format Version 12.00
# Visual Studio Version 16
VisualStudioVersion = 16.0.31129.286
MinimumVisualStudioVersion = 10.0.40219.1
Project("{FAE04EC0-301F-11D3-BF4B-00C04F79EFBC}") = "MockDemo", "MockDemo\MockDemo.csproj", "{34DBA214-66CA-4AF7-B2EB-FB5D892D7634}"
EndProject
Project("{FAE04EC0-301F-11D3-BF4B-00C04F79EFBC}") = "MockDemo.Tests", "MockDemo.Tests\MockDemo.Tests.csproj", "{A58AED3F-2959-466D-87E6-2678C0F62361}"
EndProject
Global
	GlobalSection(SolutionConfigurationPlatforms) = preSolution
		Debug|Any CPU = Debug|Any CPU
		Release|Any CPU = Release|Any CPU
	EndGlobalSection
	GlobalSection(ProjectConfigurationPlatforms) = postSolution
		{34DBA214-66CA-4AF7-B2EB-FB5D892D7634}.Debug|Any CPU.ActiveCfg = Debug|Any CPU
		{34DBA214-66CA-4AF7-B2EB-FB5D892D7634}.Debug|Any CPU.Build.0 = Debug|Any CPU
		{34DBA214-66CA-4AF7-B2EB-FB5D892D7634}.Release|Any CPU.ActiveCfg = Release|Any CPU
		{34DBA214-66CA-4AF7-B2EB-FB5D892D7634}.Release|Any CPU.Build.0 = Release|Any CPU
		{A58AED3F-2959-466D-87E6-2678C0F62361}.Debug|Any CPU.ActiveCfg = Debug|Any CPU
		{A58AED3F-2959-466D-87E6-2678C0F62361}.Debug|Any CPU.Build.0 = Debug|Any CPU
		{A58AED3F-2959-466D-87E6-2678C0F62361}.Release|Any CPU.ActiveCfg = Release|Any CPU
		{A58AED3F-2959-466D-87E6-2678C0F62361}.Release|Any CPU.Build.0 = Release|Any CPU
	EndGlobalSection
	GlobalSection(SolutionProperties) = preSolution
		HideSolutionNode = FALSE
	EndGlobalSection
	GlobalSection(ExtensibilityGlobals) = postSolution
		SolutionGuid = {ED7306C0-E3C8-4850-B9AA-02A5F5D937B8}
	EndGlobalSection
EndGlobal
